
Microsoft Visual Studio Solution File, Format Version 12.00
# Visual Studio Version 16
VisualStudioVersion = 16.0.31613.86
MinimumVisualStudioVersion = 10.0.40219.1
Project("{FAE04EC0-301F-11D3-BF4B-00C04F79EFBC}") = "TopicSender", "TopicSender\TopicSender.csproj", "{E91FD3C4-DC3E-4813-80CB-945A51E936D9}"
EndProject
Project("{FAE04EC0-301F-11D3-BF4B-00C04F79EFBC}") = "Topic.Config", "Topic.Config\Topic.Config.csproj", "{BC947EA9-FB54-4D0D-AB34-F6903874CE92}"
EndProject
Project("{FAE04EC0-301F-11D3-BF4B-00C04F79EFBC}") = "SubscriptionReceiver", "SubscriptionReceiver\SubscriptionReceiver.csproj", "{A4DF3AF0-3C80-4C0D-82D3-0FBA27269B12}"
EndProject
Global
	GlobalSection(SolutionConfigurationPlatforms) = preSolution
		Debug|Any CPU = Debug|Any CPU
		Release|Any CPU = Release|Any CPU
	EndGlobalSection
	GlobalSection(ProjectConfigurationPlatforms) = postSolution
		{E91FD3C4-DC3E-4813-80CB-945A51E936D9}.Debug|Any CPU.ActiveCfg = Debug|Any CPU
		{E91FD3C4-DC3E-4813-80CB-945A51E936D9}.Debug|Any CPU.Build.0 = Debug|Any CPU
		{E91FD3C4-DC3E-4813-80CB-945A51E936D9}.Release|Any CPU.ActiveCfg = Release|Any CPU
		{E91FD3C4-DC3E-4813-80CB-945A51E936D9}.Release|Any CPU.Build.0 = Release|Any CPU
		{BC947EA9-FB54-4D0D-AB34-F6903874CE92}.Debug|Any CPU.ActiveCfg = Debug|Any CPU
		{BC947EA9-FB54-4D0D-AB34-F6903874CE92}.Debug|Any CPU.Build.0 = Debug|Any CPU
		{BC947EA9-FB54-4D0D-AB34-F6903874CE92}.Release|Any CPU.ActiveCfg = Release|Any CPU
		{BC947EA9-FB54-4D0D-AB34-F6903874CE92}.Release|Any CPU.Build.0 = Release|Any CPU
		{A4DF3AF0-3C80-4C0D-82D3-0FBA27269B12}.Debug|Any CPU.ActiveCfg = Debug|Any CPU
		{A4DF3AF0-3C80-4C0D-82D3-0FBA27269B12}.Debug|Any CPU.Build.0 = Debug|Any CPU
		{A4DF3AF0-3C80-4C0D-82D3-0FBA27269B12}.Release|Any CPU.ActiveCfg = Release|Any CPU
		{A4DF3AF0-3C80-4C0D-82D3-0FBA27269B12}.Release|Any CPU.Build.0 = Release|Any CPU
	EndGlobalSection
	GlobalSection(SolutionProperties) = preSolution
		HideSolutionNode = FALSE
	EndGlobalSection
	GlobalSection(ExtensibilityGlobals) = postSolution
		SolutionGuid = {FA1E1D30-4676-4BC0-8DDF-FE52D978EE6D}
	EndGlobalSection
EndGlobal
