
Microsoft Visual Studio Solution File, Format Version 12.00
# Visual Studio Version 16
VisualStudioVersion = 16.0.31613.86
MinimumVisualStudioVersion = 10.0.40219.1
Project("{9A19103F-16F7-4668-BE54-9A1E7A4F7556}") = "SqlCoreSample", "SqlCoreSample\SqlCoreSample.csproj", "{BA2E8F09-18CE-4CCB-B5F7-25D635A65EDD}"
EndProject
Project("{9A19103F-16F7-4668-BE54-9A1E7A4F7556}") = "CassandraSample", "CassandraSample\CassandraSample.csproj", "{AC4DFAA8-A3BB-48FC-9023-B1FA7E049B80}"
EndProject
Project("{FAE04EC0-301F-11D3-BF4B-00C04F79EFBC}") = "MongoDbSample", "MongoDbSample\MongoDbSample.csproj", "{B2458A92-F0B0-4F61-BEF2-EB2C2385CF12}"
EndProject
Project("{FAE04EC0-301F-11D3-BF4B-00C04F79EFBC}") = "GremlinSample", "GremlinSample\GremlinSample.csproj", "{FC3F7375-BB5B-42C1-AF7D-F0A3D7217A2B}"
EndProject
Global
	GlobalSection(SolutionConfigurationPlatforms) = preSolution
		Debug|Any CPU = Debug|Any CPU
		Release|Any CPU = Release|Any CPU
	EndGlobalSection
	GlobalSection(ProjectConfigurationPlatforms) = postSolution
		{BA2E8F09-18CE-4CCB-B5F7-25D635A65EDD}.Debug|Any CPU.ActiveCfg = Debug|Any CPU
		{BA2E8F09-18CE-4CCB-B5F7-25D635A65EDD}.Debug|Any CPU.Build.0 = Debug|Any CPU
		{BA2E8F09-18CE-4CCB-B5F7-25D635A65EDD}.Release|Any CPU.ActiveCfg = Release|Any CPU
		{BA2E8F09-18CE-4CCB-B5F7-25D635A65EDD}.Release|Any CPU.Build.0 = Release|Any CPU
		{AC4DFAA8-A3BB-48FC-9023-B1FA7E049B80}.Debug|Any CPU.ActiveCfg = Debug|Any CPU
		{AC4DFAA8-A3BB-48FC-9023-B1FA7E049B80}.Debug|Any CPU.Build.0 = Debug|Any CPU
		{AC4DFAA8-A3BB-48FC-9023-B1FA7E049B80}.Release|Any CPU.ActiveCfg = Release|Any CPU
		{AC4DFAA8-A3BB-48FC-9023-B1FA7E049B80}.Release|Any CPU.Build.0 = Release|Any CPU
		{B2458A92-F0B0-4F61-BEF2-EB2C2385CF12}.Debug|Any CPU.ActiveCfg = Debug|Any CPU
		{B2458A92-F0B0-4F61-BEF2-EB2C2385CF12}.Debug|Any CPU.Build.0 = Debug|Any CPU
		{B2458A92-F0B0-4F61-BEF2-EB2C2385CF12}.Release|Any CPU.ActiveCfg = Release|Any CPU
		{B2458A92-F0B0-4F61-BEF2-EB2C2385CF12}.Release|Any CPU.Build.0 = Release|Any CPU
		{FC3F7375-BB5B-42C1-AF7D-F0A3D7217A2B}.Debug|Any CPU.ActiveCfg = Debug|Any CPU
		{FC3F7375-BB5B-42C1-AF7D-F0A3D7217A2B}.Debug|Any CPU.Build.0 = Debug|Any CPU
		{FC3F7375-BB5B-42C1-AF7D-F0A3D7217A2B}.Release|Any CPU.ActiveCfg = Release|Any CPU
		{FC3F7375-BB5B-42C1-AF7D-F0A3D7217A2B}.Release|Any CPU.Build.0 = Release|Any CPU
	EndGlobalSection
	GlobalSection(SolutionProperties) = preSolution
		HideSolutionNode = FALSE
	EndGlobalSection
	GlobalSection(ExtensibilityGlobals) = postSolution
		SolutionGuid = {4DB194B0-14CB-4345-9EF6-4AAB7E771724}
	EndGlobalSection
EndGlobal
